
Microsoft Visual Studio Solution File, Format Version 12.00
# Visual Studio Version 17
VisualStudioVersion = 17.14.36121.58
MinimumVisualStudioVersion = 10.0.40219.1
Project("{FAE04EC0-301F-11D3-BF4B-00C04F79EFBC}") = "AssemblyLoadContextHelper", "AssemblyLoadContextHelper\AssemblyLoadContextHelper.csproj", "{E0B597E6-885B-430D-8CAD-F97ACBE7DF8C}"
EndProject
Project("{FAE04EC0-301F-11D3-BF4B-00C04F79EFBC}") = "AssemblyLoadContextHelper.Tests", "AssemblyLoadContextHelper.Tests\AssemblyLoadContextHelper.Tests.csproj", "{D45796F8-1BC3-4FB0-BE0B-12658953E366}"
EndProject
Global
	GlobalSection(SolutionConfigurationPlatforms) = preSolution
		Debug|Any CPU = Debug|Any CPU
		Release|Any CPU = Release|Any CPU
	EndGlobalSection
	GlobalSection(ProjectConfigurationPlatforms) = postSolution
		{E0B597E6-885B-430D-8CAD-F97ACBE7DF8C}.Debug|Any CPU.ActiveCfg = Debug|Any CPU
		{E0B597E6-885B-430D-8CAD-F97ACBE7DF8C}.Debug|Any CPU.Build.0 = Debug|Any CPU
		{E0B597E6-885B-430D-8CAD-F97ACBE7DF8C}.Release|Any CPU.ActiveCfg = Release|Any CPU
		{E0B597E6-885B-430D-8CAD-F97ACBE7DF8C}.Release|Any CPU.Build.0 = Release|Any CPU
		{D45796F8-1BC3-4FB0-BE0B-12658953E366}.Debug|Any CPU.ActiveCfg = Debug|Any CPU
		{D45796F8-1BC3-4FB0-BE0B-12658953E366}.Debug|Any CPU.Build.0 = Debug|Any CPU
		{D45796F8-1BC3-4FB0-BE0B-12658953E366}.Release|Any CPU.ActiveCfg = Release|Any CPU
		{D45796F8-1BC3-4FB0-BE0B-12658953E366}.Release|Any CPU.Build.0 = Release|Any CPU
	EndGlobalSection
	GlobalSection(SolutionProperties) = preSolution
		HideSolutionNode = FALSE
	EndGlobalSection
	GlobalSection(ExtensibilityGlobals) = postSolution
		SolutionGuid = {A1B281E9-ACC0-4F5C-94ED-D233A74E4180}
	EndGlobalSection
EndGlobal
